gom 'github.com/urfave/cli', :commit => '55f715e28c46073d0e217e2ce8eb46b0b45e3db6'
gom 'github.com/gorilla/websocket', :commit => '8003df83eef3a5d5301beb970356755128810563'
gom 'github.com/inconshreveable/go-vhost', :commit => '06d84117953b22058c096b49a429ebd4f3d3d97b'
gom 'github.com/inconshreveable/mousetrap', :commit => '76626ae9c91c4f2a10f34cad8ce83ea42c93bb75'
gom 'github.com/jteeuwen/go-bindata', :commit => 'a0ff2567cfb70903282db057e799fd826784d41d'
gom 'github.com/mattn/go-runewidth', :commit => '737072b4e32b7a5018b4a7125da8d12de90e8045'
gom 'github.com/nsf/termbox-go', :commit => 'b6acae516ace002cb8105a89024544a1480655a5'
gom 'github.com/rcrowley/go-metrics', :commit => 'ab2277b1c5d15c3cba104e9cbddbdfc622df5ad8'
gom 'gopkg.in/yaml.v1', :commit => '9f9df34309c04878acc86042b16630b0f696e1de'
