gom 'github.com/urfave/cli', :commit => 'f614c177b70c0f0e92c368d623c8770bf337c5d6'
gom 'github.com/gorilla/websocket', :commit => '6257d10a8b2ac6825fa94294e088dc9890ab73d3'
gom 'github.com/inconshreveable/go-vhost', :commit => '06d84117953b22058c096b49a429ebd4f3d3d97b'
gom 'github.com/inconshreveable/mousetrap', :commit => '76626ae9c91c4f2a10f34cad8ce83ea42c93bb75'
gom 'github.com/jteeuwen/go-bindata', :commit => 'a0ff2567cfb70903282db057e799fd826784d41d'
gom 'github.com/mattn/go-runewidth', :commit => '737072b4e32b7a5018b4a7125da8d12de90e8045'
gom 'github.com/nsf/termbox-go', :commit => 'b6acae516ace002cb8105a89024544a1480655a5'
gom 'github.com/rcrowley/go-metrics', :commit => 'ab2277b1c5d15c3cba104e9cbddbdfc622df5ad8'
gom 'gopkg.in/yaml.v1', :commit => '9f9df34309c04878acc86042b16630b0f696e1de'
gom 'github.com/yuin/gopher-lua', :commit => 'd0d5dd3565a9f3c86ff5bc42a0b1cc9e5bfcf55e'
gom 'github.com/yuin/gluare', :commit => '8e2742cd1bf2b904720ac66eca3c2091b2ea0720'
gom 'github.com/yuin/gluamapper', :commit => 'd836955830e75240d46ce9f0e6d148d94f2e1d3a'
gom 'github.com/kohkimakimoto/gluayaml', :commit => '6fe413d49d73d785510ecf1529991ab0573e96c7'
gom 'github.com/kohkimakimoto/gluatemplate', :commit => 'd9e2c9d6b00f069a9da377a9ac529c827c1c7d71'
gom 'github.com/kohkimakimoto/gluafs', :commit => '01391ed2d7ab89dc80157605b073403f960aa223'
gom 'github.com/kohkimakimoto/gluaenv', :commit => '2888db6bbe38923d59c42e443895875cc8ce0820'
gom 'github.com/layeh/gopher-json', :commit => 'e45b65570c08a97b97a459e0cc04a53c1affab95'
gom 'github.com/cjoudrey/gluahttp', :commit => 'ff6d15994ab4e602c1531b684328dd28396bfaab'
gom 'github.com/otm/gluash', :commit => 'e145c563986f0b91f740a758a84bca46c163aec7'
